
Microsoft Visual Studio Solution File, Format Version 12.00
# Visual Studio Version 16
VisualStudioVersion = 16.0.29728.190
MinimumVisualStudioVersion = 10.0.40219.1
Project("{FAE04EC0-301F-11D3-BF4B-00C04F79EFBC}") = "RTE Temp", "RTE Temp\RTE Temp.csproj", "{42E2DF93-9E91-4070-914E-EB3CF25B2D1C}"
EndProject
Global
	GlobalSection(SolutionConfigurationPlatforms) = preSolution
		Debug|Any CPU = Debug|Any CPU
		Release|Any CPU = Release|Any CPU
	EndGlobalSection
	GlobalSection(ProjectConfigurationPlatforms) = postSolution
		{42E2DF93-9E91-4070-914E-EB3CF25B2D1C}.Debug|Any CPU.ActiveCfg = Debug|Any CPU
		{42E2DF93-9E91-4070-914E-EB3CF25B2D1C}.Debug|Any CPU.Build.0 = Debug|Any CPU
		{42E2DF93-9E91-4070-914E-EB3CF25B2D1C}.Release|Any CPU.ActiveCfg = Release|Any CPU
		{42E2DF93-9E91-4070-914E-EB3CF25B2D1C}.Release|Any CPU.Build.0 = Release|Any CPU
	EndGlobalSection
	GlobalSection(SolutionProperties) = preSolution
		HideSolutionNode = FALSE
	EndGlobalSection
	GlobalSection(ExtensibilityGlobals) = postSolution
		SolutionGuid = {98CF093C-D416-488C-91A3-F0E61EDCEFE7}
	EndGlobalSection
EndGlobal
